
Microsoft Visual Studio Solution File, Format Version 12.00
# Visual Studio Version 17
VisualStudioVersion = 17.4.33213.308
MinimumVisualStudioVersion = 10.0.40219.1
Project("{FAE04EC0-301F-11D3-BF4B-00C04F79EFBC}") = "klog", "klog.csproj", "{7CC232AA-6E9F-44EC-8B2B-1EEA260E82FB}"
EndProject
Global
	GlobalSection(SolutionConfigurationPlatforms) = preSolution
		Debug|Any CPU = Debug|Any CPU
		Release|Any CPU = Release|Any CPU
	EndGlobalSection
	GlobalSection(ProjectConfigurationPlatforms) = postSolution
		{7CC232AA-6E9F-44EC-8B2B-1EEA260E82FB}.Debug|Any CPU.ActiveCfg = Debug|Any CPU
		{7CC232AA-6E9F-44EC-8B2B-1EEA260E82FB}.Debug|Any CPU.Build.0 = Debug|Any CPU
		{7CC232AA-6E9F-44EC-8B2B-1EEA260E82FB}.Release|Any CPU.ActiveCfg = Release|Any CPU
		{7CC232AA-6E9F-44EC-8B2B-1EEA260E82FB}.Release|Any CPU.Build.0 = Release|Any CPU
	EndGlobalSection
	GlobalSection(SolutionProperties) = preSolution
		HideSolutionNode = FALSE
	EndGlobalSection
	GlobalSection(ExtensibilityGlobals) = postSolution
		SolutionGuid = {CF128175-5BDD-4077-AF49-98D1AACA6468}
	EndGlobalSection
EndGlobal
